hash: ae3a866c03de36d0e07d2ad778c5dfc3e4b881aeb257b3b536f368ec03e63bdd
updated: 2017-11-19T16:44:25.261582246Z
imports:
- name: github.com/ajg/form
  version: 7ff89c75808766205bfa4411abb436c98c33eb5e
- name: github.com/hashicorp/go-cleanhttp
  version: ad28ea4487f05916463e2423a55166280e8254b5
- name: github.com/mitchellh/mapstructure
  version: 21a35fb16463dfb7c8eee579c65d995d95e64d1e
testImports:
- name: github.com/dnaeon/go-vcr
  version: 87d4990451a858cc210399285be976e63bc3c364
  subpackages:
  - cassette
  - recorder
- name: gopkg.in/yaml.v2
  version: 31c299268d302dd0aa9a0dcf765a3d58971ac83f
